{
    "_meta": {
        "hash": {
            "sha256": "b247ef921f9c95fbf410acb855ee0a8766c4a55e8b31625273716e3d7190ee63"
        },
        "pipfile-spec": 6,
        "requires": {
            "python_version": "3.6"
        },
        "sources": [
            {
                "name": "pypi",
                "url": "https://pypi.org/simple",
                "verify_ssl": true
            }
        ]
    },
    "default": {
        "sphinx-bootstrap-theme": {
            "hashes": [
                "sha256:571e43ccb76d4c6c06576aa24a826b6ebc7adac45a5b54985200128806279d08"
            ],
            "index": "pypi",
            "version": "==0.7.1"
        }
    },
    "develop": {}
}
